// !$*UTF8*$!
{
	archiveVersion = 1;
	classes = {
	};
	objectVersion = 50;
	objects = {

/* Begin PBXBuildFile section */
		4B562AD721526D3400952B5D /* RxSwift.framework in Frameworks */ = {isa = PBXBuildFile; fileRef = 4B562AD521526D3400952B5D /* RxSwift.framework */; };
		4B562AD821526D3400952B5D /* RxFlow.framework in Frameworks */ = {isa = PBXBuildFile; fileRef = 4B562AD621526D3400952B5D /* RxFlow.framework */; };
		4B562ADC21526ED100952B5D /* RxCocoa.framework in Frameworks */ = {isa = PBXBuildFile; fileRef = 4B562ADB21526ED100952B5D /* RxCocoa.framework */; };
		4B562ADE2152756F00952B5D /* AppFlow.swift in Sources */ = {isa = PBXBuildFile; fileRef = 4B562ADD2152756F00952B5D /* AppFlow.swift */; };
		4B562AE42152766B00952B5D /* LoginViewController.swift in Sources */ = {isa = PBXBuildFile; fileRef = 4B562AE32152766B00952B5D /* LoginViewController.swift */; };
		4B562AE92152776200952B5D /* AppStep.swift in Sources */ = {isa = PBXBuildFile; fileRef = 4B562AE82152776200952B5D /* AppStep.swift */; };
		4B562AEB21527B4D00952B5D /* DashboardViewModel.swift in Sources */ = {isa = PBXBuildFile; fileRef = 4B562AEA21527B4D00952B5D /* DashboardViewModel.swift */; };
		4B562AED21527F3D00952B5D /* LoginViewModel.swift in Sources */ = {isa = PBXBuildFile; fileRef = 4B562AEC21527F3D00952B5D /* LoginViewModel.swift */; };
		4BE7F7D5215269E800312F0E /* AppDelegate.swift in Sources */ = {isa = PBXBuildFile; fileRef = 4BE7F7D4215269E800312F0E /* AppDelegate.swift */; };
		4BE7F7D7215269E800312F0E /* DashboardViewController.swift in Sources */ = {isa = PBXBuildFile; fileRef = 4BE7F7D6215269E800312F0E /* DashboardViewController.swift */; };
		4BE7F7DC215269E800312F0E /* Main.storyboard in Resources */ = {isa = PBXBuildFile; fileRef = 4BE7F7DA215269E800312F0E /* Main.storyboard */; };
		4BE7F7DE215269E900312F0E /* Assets.xcassets in Resources */ = {isa = PBXBuildFile; fileRef = 4BE7F7DD215269E900312F0E /* Assets.xcassets */; };
		4BE7F7E1215269E900312F0E /* LaunchScreen.storyboard in Resources */ = {isa = PBXBuildFile; fileRef = 4BE7F7DF215269E900312F0E /* LaunchScreen.storyboard */; };
/* End PBXBuildFile section */

/* Begin PBXFileReference section */
		4B562AD521526D3400952B5D /* RxSwift.framework */ = {isa = PBXFileReference; lastKnownFileType = wrapper.framework; name = RxSwift.framework; path = Carthage/Build/iOS/RxSwift.framework; sourceTree = "<group>"; };
		4B562AD621526D3400952B5D /* RxFlow.framework */ = {isa = PBXFileReference; lastKnownFileType = wrapper.framework; name = RxFlow.framework; path = Carthage/Build/iOS/RxFlow.framework; sourceTree = "<group>"; };
		4B562ADB21526ED100952B5D /* RxCocoa.framework */ = {isa = PBXFileReference; lastKnownFileType = wrapper.framework; name = RxCocoa.framework; path = Carthage/Build/iOS/RxCocoa.framework; sourceTree = "<group>"; };
		4B562ADD2152756F00952B5D /* AppFlow.swift */ = {isa = PBXFileReference; lastKnownFileType = sourcecode.swift; path = AppFlow.swift; sourceTree = "<group>"; };
		4B562AE32152766B00952B5D /* LoginViewController.swift */ = {isa = PBXFileReference; lastKnownFileType = sourcecode.swift; path = LoginViewController.swift; sourceTree = "<group>"; };
		4B562AE82152776200952B5D /* AppStep.swift */ = {isa = PBXFileReference; lastKnownFileType = sourcecode.swift; path = AppStep.swift; sourceTree = "<group>"; };
		4B562AEA21527B4D00952B5D /* DashboardViewModel.swift */ = {isa = PBXFileReference; lastKnownFileType = sourcecode.swift; path = DashboardViewModel.swift; sourceTree = "<group>"; };
		4B562AEC21527F3D00952B5D /* LoginViewModel.swift */ = {isa = PBXFileReference; lastKnownFileType = sourcecode.swift; path = LoginViewModel.swift; sourceTree = "<group>"; };
		4BE7F7D1215269E800312F0E /* RxFlowExample.app */ = {isa = PBXFileReference; explicitFileType = wrapper.application; includeInIndex = 0; path = RxFlowExample.app; sourceTree = BUILT_PRODUCTS_DIR; };
		4BE7F7D4215269E800312F0E /* AppDelegate.swift */ = {isa = PBXFileReference; lastKnownFileType = sourcecode.swift; path = AppDelegate.swift; sourceTree = "<group>"; };
		4BE7F7D6215269E800312F0E /* DashboardViewController.swift */ = {isa = PBXFileReference; lastKnownFileType = sourcecode.swift; path = DashboardViewController.swift; sourceTree = "<group>"; };
		4BE7F7DB215269E800312F0E /* Base */ = {isa = PBXFileReference; lastKnownFileType = file.storyboard; name = Base; path = Base.lproj/Main.storyboard; sourceTree = "<group>"; };
		4BE7F7DD215269E900312F0E /* Assets.xcassets */ = {isa = PBXFileReference; lastKnownFileType = folder.assetcatalog; path = Assets.xcassets; sourceTree = "<group>"; };
		4BE7F7E0215269E900312F0E /* Base */ = {isa = PBXFileReference; lastKnownFileType = file.storyboard; name = Base; path = Base.lproj/LaunchScreen.storyboard; sourceTree = "<group>"; };
		4BE7F7E2215269E900312F0E /* Info.plist */ = {isa = PBXFileReference; lastKnownFileType = text.plist.xml; path = Info.plist; sourceTree = "<group>"; };
/* End PBXFileReference section */

/* Begin PBXFrameworksBuildPhase section */
		4BE7F7CE215269E800312F0E /* Frameworks */ = {
			isa = PBXFrameworksBuildPhase;
			buildActionMask = 2147483647;
			files = (
				4B562AD721526D3400952B5D /* RxSwift.framework in Frameworks */,
				4B562AD821526D3400952B5D /* RxFlow.framework in Frameworks */,
				4B562ADC21526ED100952B5D /* RxCocoa.framework in Frameworks */,
			);
			runOnlyForDeploymentPostprocessing = 0;
		};
/* End PBXFrameworksBuildPhase section */

/* Begin PBXGroup section */
		4B562AD421526D3400952B5D /* Frameworks */ = {
			isa = PBXGroup;
			children = (
				4B562ADB21526ED100952B5D /* RxCocoa.framework */,
				4B562AD621526D3400952B5D /* RxFlow.framework */,
				4B562AD521526D3400952B5D /* RxSwift.framework */,
			);
			name = Frameworks;
			sourceTree = "<group>";
		};
		4B562AE22152764E00952B5D /* AppFlow */ = {
			isa = PBXGroup;
			children = (
				4B562AEC21527F3D00952B5D /* LoginViewModel.swift */,
				4B562AE32152766B00952B5D /* LoginViewController.swift */,
				4B562AEA21527B4D00952B5D /* DashboardViewModel.swift */,
				4BE7F7D6215269E800312F0E /* DashboardViewController.swift */,
				4BE7F7DA215269E800312F0E /* Main.storyboard */,
			);
			path = AppFlow;
			sourceTree = "<group>";
		};
		4B562AE7215276E200952B5D /* Resources */ = {
			isa = PBXGroup;
			children = (
				4BE7F7DD215269E900312F0E /* Assets.xcassets */,
				4BE7F7DF215269E900312F0E /* LaunchScreen.storyboard */,
				4BE7F7E2215269E900312F0E /* Info.plist */,
			);
			path = Resources;
			sourceTree = "<group>";
		};
		4BE7F7C8215269E800312F0E = {
			isa = PBXGroup;
			children = (
				4BE7F7D3215269E800312F0E /* Sources */,
				4B562AE7215276E200952B5D /* Resources */,
				4BE7F7D2215269E800312F0E /* Products */,
				4B562AD421526D3400952B5D /* Frameworks */,
			);
			sourceTree = "<group>";
		};
		4BE7F7D2215269E800312F0E /* Products */ = {
			isa = PBXGroup;
			children = (
				4BE7F7D1215269E800312F0E /* RxFlowExample.app */,
			);
			name = Products;
			sourceTree = "<group>";
		};
		4BE7F7D3215269E800312F0E /* Sources */ = {
			isa = PBXGroup;
			children = (
				4B562AE22152764E00952B5D /* AppFlow */,
				4BE7F7D4215269E800312F0E /* AppDelegate.swift */,
				4B562ADD2152756F00952B5D /* AppFlow.swift */,
				4B562AE82152776200952B5D /* AppStep.swift */,
			);
			path = Sources;
			sourceTree = "<group>";
		};
/* End PBXGroup section */

/* Begin PBXNativeTarget section */
		4BE7F7D0215269E800312F0E /* RxFlowExample */ = {
			isa = PBXNativeTarget;
			buildConfigurationList = 4BE7F7E5215269E900312F0E /* Build configuration list for PBXNativeTarget "RxFlowExample" */;
			buildPhases = (
				4BE7F7CD215269E800312F0E /* Sources */,
				4BE7F7CE215269E800312F0E /* Frameworks */,
				4BE7F7CF215269E800312F0E /* Resources */,
				4B562ADA21526D8700952B5D /* Carthage Copy Frameworks */,
			);
			buildRules = (
			);
			dependencies = (
			);
			name = RxFlowExample;
			productName = RxFlowExample;
			productReference = 4BE7F7D1215269E800312F0E /* RxFlowExample.app */;
			productType = "com.apple.product-type.application";
		};
/* End PBXNativeTarget section */

/* Begin PBXProject section */
		4BE7F7C9215269E800312F0E /* Project object */ = {
			isa = PBXProject;
			attributes = {
				LastSwiftUpdateCheck = 1000;
				LastUpgradeCheck = 1000;
				ORGANIZATIONNAME = "Ben John";
				TargetAttributes = {
					4BE7F7D0215269E800312F0E = {
						CreatedOnToolsVersion = 10.0;
					};
				};
			};
			buildConfigurationList = 4BE7F7CC215269E800312F0E /* Build configuration list for PBXProject "RxFlowExample" */;
			compatibilityVersion = "Xcode 9.3";
			developmentRegion = en;
			hasScannedForEncodings = 0;
			knownRegions = (
				en,
				Base,
			);
			mainGroup = 4BE7F7C8215269E800312F0E;
			productRefGroup = 4BE7F7D2215269E800312F0E /* Products */;
			projectDirPath = "";
			projectRoot = "";
			targets = (
				4BE7F7D0215269E800312F0E /* RxFlowExample */,
			);
		};
/* End PBXProject section */

/* Begin PBXResourcesBuildPhase section */
		4BE7F7CF215269E800312F0E /* Resources */ = {
			isa = PBXResourcesBuildPhase;
			buildActionMask = 2147483647;
			files = (
				4BE7F7E1215269E900312F0E /* LaunchScreen.storyboard in Resources */,
				4BE7F7DE215269E900312F0E /* Assets.xcassets in Resources */,
				4BE7F7DC215269E800312F0E /* Main.storyboard in Resources */,
			);
			runOnlyForDeploymentPostprocessing = 0;
		};
/* End PBXResourcesBuildPhase section */

/* Begin PBXShellScriptBuildPhase section */
		4B562ADA21526D8700952B5D /* Carthage Copy Frameworks */ = {
			isa = PBXShellScriptBuildPhase;
			buildActionMask = 2147483647;
			files = (
			);
			inputFileListPaths = (
			);
			inputPaths = (
				"$(SRCROOT)/Carthage/Build/iOS/RxSwift.framework",
				"$(SRCROOT)/Carthage/Build/iOS/RxFlow.framework",
				"$(SRCROOT)/Carthage/Build/iOS/RxCocoa.framework",
			);
			name = "Carthage Copy Frameworks";
			outputFileListPaths = (
			);
			outputPaths = (
				"$(BUILT_PRODUCTS_DIR)/$(FRAMEWORKS_FOLDER_PATH)/RxSwift.framework",
				"$(BUILT_PRODUCTS_DIR)/$(FRAMEWORKS_FOLDER_PATH)/RxFlow.framework",
				"$(BUILT_PRODUCTS_DIR)/$(FRAMEWORKS_FOLDER_PATH)/RxCocoa.framework",
			);
			runOnlyForDeploymentPostprocessing = 0;
			shellPath = /bin/sh;
			shellScript = "# Type a script or drag a script file from your workspace to insert its path.\n/usr/local/bin/carthage copy-frameworks\n";
		};
/* End PBXShellScriptBuildPhase section */

/* Begin PBXSourcesBuildPhase section */
		4BE7F7CD215269E800312F0E /* Sources */ = {
			isa = PBXSourcesBuildPhase;
			buildActionMask = 2147483647;
			files = (
				4B562AE42152766B00952B5D /* LoginViewController.swift in Sources */,
				4B562ADE2152756F00952B5D /* AppFlow.swift in Sources */,
				4BE7F7D5215269E800312F0E /* AppDelegate.swift in Sources */,
				4B562AEB21527B4D00952B5D /* DashboardViewModel.swift in Sources */,
				4BE7F7D7215269E800312F0E /* DashboardViewController.swift in Sources */,
				4B562AE92152776200952B5D /* AppStep.swift in Sources */,
				4B562AED21527F3D00952B5D /* LoginViewModel.swift in Sources */,
			);
			runOnlyForDeploymentPostprocessing = 0;
		};
/* End PBXSourcesBuildPhase section */

/* Begin PBXVariantGroup section */
		4BE7F7DA215269E800312F0E /* Main.storyboard */ = {
			isa = PBXVariantGroup;
			children = (
				4BE7F7DB215269E800312F0E /* Base */,
			);
			name = Main.storyboard;
			sourceTree = "<group>";
		};
		4BE7F7DF215269E900312F0E /* LaunchScreen.storyboard */ = {
			isa = PBXVariantGroup;
			children = (
				4BE7F7E0215269E900312F0E /* Base */,
			);
			name = LaunchScreen.storyboard;
			sourceTree = "<group>";
		};
/* End PBXVariantGroup section */

/* Begin XCBuildConfiguration section */
		4BE7F7E3215269E900312F0E /* Debug */ = {
			isa = XCBuildConfiguration;
			buildSettings = {
				ALWAYS_SEARCH_USER_PATHS = NO;
				CLANG_ANALYZER_NONNULL = YES;
				CLANG_ANALYZER_NUMBER_OBJECT_CONVERSION = YES_AGGRESSIVE;
				CLANG_CXX_LANGUAGE_STANDARD = "gnu++14";
				CLANG_CXX_LIBRARY = "libc++";
				CLANG_ENABLE_MODULES = YES;
				CLANG_ENABLE_OBJC_ARC = YES;
				CLANG_ENABLE_OBJC_WEAK = YES;
				CLANG_WARN_BLOCK_CAPTURE_AUTORELEASING = YES;
				CLANG_WARN_BOOL_CONVERSION = YES;
				CLANG_WARN_COMMA = YES;
				CLANG_WARN_CONSTANT_CONVERSION = YES;
				CLANG_WARN_DEPRECATED_OBJC_IMPLEMENTATIONS = YES;
				CLANG_WARN_DIRECT_OBJC_ISA_USAGE = YES_ERROR;
				CLANG_WARN_DOCUMENTATION_COMMENTS = YES;
				CLANG_WARN_EMPTY_BODY = YES;
				CLANG_WARN_ENUM_CONVERSION = YES;
				CLANG_WARN_INFINITE_RECURSION = YES;
				CLANG_WARN_INT_CONVERSION = YES;
				CLANG_WARN_NON_LITERAL_NULL_CONVERSION = YES;
				CLANG_WARN_OBJC_IMPLICIT_RETAIN_SELF = YES;
				CLANG_WARN_OBJC_LITERAL_CONVERSION = YES;
				CLANG_WARN_OBJC_ROOT_CLASS = YES_ERROR;
				CLANG_WARN_RANGE_LOOP_ANALYSIS = YES;
				CLANG_WARN_STRICT_PROTOTYPES = YES;
				CLANG_WARN_SUSPICIOUS_MOVE = YES;
				CLANG_WARN_UNGUARDED_AVAILABILITY = YES_AGGRESSIVE;
				CLANG_WARN_UNREACHABLE_CODE = YES;
				CLANG_WARN__DUPLICATE_METHOD_MATCH = YES;
				CODE_SIGN_IDENTITY = "iPhone Developer";
				COPY_PHASE_STRIP = NO;
				DEBUG_INFORMATION_FORMAT = dwarf;
				ENABLE_STRICT_OBJC_MSGSEND = YES;
				ENABLE_TESTABILITY = YES;
				GCC_C_LANGUAGE_STANDARD = gnu11;
				GCC_DYNAMIC_NO_PIC = NO;
				GCC_NO_COMMON_BLOCKS = YES;
				GCC_OPTIMIZATION_LEVEL = 0;
				GCC_PREPROCESSOR_DEFINITIONS = (
					"DEBUG=1",
					"$(inherited)",
				);
				GCC_WARN_64_TO_32_BIT_CONVERSION = YES;
				GCC_WARN_ABOUT_RETURN_TYPE = YES_ERROR;
				GCC_WARN_UNDECLARED_SELECTOR = YES;
				GCC_WARN_UNINITIALIZED_AUTOS = YES_AGGRESSIVE;
				GCC_WARN_UNUSED_FUNCTION = YES;
				GCC_WARN_UNUSED_VARIABLE = YES;
				IPHONEOS_DEPLOYMENT_TARGET = 12.0;
				MTL_ENABLE_DEBUG_INFO = INCLUDE_SOURCE;
				MTL_FAST_MATH = YES;
				ONLY_ACTIVE_ARCH = YES;
				SDKROOT = iphoneos;
				SWIFT_ACTIVE_COMPILATION_CONDITIONS = DEBUG;
				SWIFT_OPTIMIZATION_LEVEL = "-Onone";
			};
			name = Debug;
		};
		4BE7F7E4215269E900312F0E /* Release */ = {
			isa = XCBuildConfiguration;
			buildSettings = {
				ALWAYS_SEARCH_USER_PATHS = NO;
				CLANG_ANALYZER_NONNULL = YES;
				CLANG_ANALYZER_NUMBER_OBJECT_CONVERSION = YES_AGGRESSIVE;
				CLANG_CXX_LANGUAGE_STANDARD = "gnu++14";
				CLANG_CXX_LIBRARY = "libc++";
				CLANG_ENABLE_MODULES = YES;
				CLANG_ENABLE_OBJC_ARC = YES;
				CLANG_ENABLE_OBJC_WEAK = YES;
				CLANG_WARN_BLOCK_CAPTURE_AUTORELEASING = YES;
				CLANG_WARN_BOOL_CONVERSION = YES;
				CLANG_WARN_COMMA = YES;
				CLANG_WARN_CONSTANT_CONVERSION = YES;
				CLANG_WARN_DEPRECATED_OBJC_IMPLEMENTATIONS = YES;
				CLANG_WARN_DIRECT_OBJC_ISA_USAGE = YES_ERROR;
				CLANG_WARN_DOCUMENTATION_COMMENTS = YES;
				CLANG_WARN_EMPTY_BODY = YES;
				CLANG_WARN_ENUM_CONVERSION = YES;
				CLANG_WARN_INFINITE_RECURSION = YES;
				CLANG_WARN_INT_CONVERSION = YES;
				CLANG_WARN_NON_LITERAL_NULL_CONVERSION = YES;
				CLANG_WARN_OBJC_IMPLICIT_RETAIN_SELF = YES;
				CLANG_WARN_OBJC_LITERAL_CONVERSION = YES;
				CLANG_WARN_OBJC_ROOT_CLASS = YES_ERROR;
				CLANG_WARN_RANGE_LOOP_ANALYSIS = YES;
				CLANG_WARN_STRICT_PROTOTYPES = YES;
				CLANG_WARN_SUSPICIOUS_MOVE = YES;
				CLANG_WARN_UNGUARDED_AVAILABILITY = YES_AGGRESSIVE;
				CLANG_WARN_UNREACHABLE_CODE = YES;
				CLANG_WARN__DUPLICATE_METHOD_MATCH = YES;
				CODE_SIGN_IDENTITY = "iPhone Developer";
				COPY_PHASE_STRIP = NO;
				DEBUG_INFORMATION_FORMAT = "dwarf-with-dsym";
				ENABLE_NS_ASSERTIONS = NO;
				ENABLE_STRICT_OBJC_MSGSEND = YES;
				GCC_C_LANGUAGE_STANDARD = gnu11;
				GCC_NO_COMMON_BLOCKS = YES;
				GCC_WARN_64_TO_32_BIT_CONVERSION = YES;
				GCC_WARN_ABOUT_RETURN_TYPE = YES_ERROR;
				GCC_WARN_UNDECLARED_SELECTOR = YES;
				GCC_WARN_UNINITIALIZED_AUTOS = YES_AGGRESSIVE;
				GCC_WARN_UNUSED_FUNCTION = YES;
				GCC_WARN_UNUSED_VARIABLE = YES;
				IPHONEOS_DEPLOYMENT_TARGET = 12.0;
				MTL_ENABLE_DEBUG_INFO = NO;
				MTL_FAST_MATH = YES;
				SDKROOT = iphoneos;
				SWIFT_COMPILATION_MODE = wholemodule;
				SWIFT_OPTIMIZATION_LEVEL = "-O";
				VALIDATE_PRODUCT = YES;
			};
			name = Release;
		};
		4BE7F7E6215269E900312F0E /* Debug */ = {
			isa = XCBuildConfiguration;
			buildSettings = {
				ASSETCATALOG_COMPILER_APPICON_NAME = AppIcon;
				CODE_SIGN_STYLE = Automatic;
				DEVELOPMENT_TEAM = 2SH56DW8F4;
				FRAMEWORK_SEARCH_PATHS = (
					"$(inherited)",
					"$(PROJECT_DIR)/Carthage/Build/iOS",
				);
				INFOPLIST_FILE = "$(SRCROOT)/Resources/Info.plist";
				LD_RUNPATH_SEARCH_PATHS = (
					"$(inherited)",
					"@executable_path/Frameworks",
				);
				PRODUCT_BUNDLE_IDENTIFIER = com.preventis.RxFlowExample;
				PRODUCT_NAME = "$(TARGET_NAME)";
				SWIFT_VERSION = 4.2;
				TARGETED_DEVICE_FAMILY = "1,2";
			};
			name = Debug;
		};
		4BE7F7E7215269E900312F0E /* Release */ = {
			isa = XCBuildConfiguration;
			buildSettings = {
				ASSETCATALOG_COMPILER_APPICON_NAME = AppIcon;
				CODE_SIGN_STYLE = Automatic;
				DEVELOPMENT_TEAM = 2SH56DW8F4;
				FRAMEWORK_SEARCH_PATHS = (
					"$(inherited)",
					"$(PROJECT_DIR)/Carthage/Build/iOS",
				);
				INFOPLIST_FILE = "$(SRCROOT)/Resources/Info.plist";
				LD_RUNPATH_SEARCH_PATHS = (
					"$(inherited)",
					"@executable_path/Frameworks",
				);
				PRODUCT_BUNDLE_IDENTIFIER = com.preventis.RxFlowExample;
				PRODUCT_NAME = "$(TARGET_NAME)";
				SWIFT_VERSION = 4.2;
				TARGETED_DEVICE_FAMILY = "1,2";
			};
			name = Release;
		};
/* End XCBuildConfiguration section */

/* Begin XCConfigurationList section */
		4BE7F7CC215269E800312F0E /* Build configuration list for PBXProject "RxFlowExample" */ = {
			isa = XCConfigurationList;
			buildConfigurations = (
				4BE7F7E3215269E900312F0E /* Debug */,
				4BE7F7E4215269E900312F0E /* Release */,
			);
			defaultConfigurationIsVisible = 0;
			defaultConfigurationName = Release;
		};
		4BE7F7E5215269E900312F0E /* Build configuration list for PBXNativeTarget "RxFlowExample" */ = {
			isa = XCConfigurationList;
			buildConfigurations = (
				4BE7F7E6215269E900312F0E /* Debug */,
				4BE7F7E7215269E900312F0E /* Release */,
			);
			defaultConfigurationIsVisible = 0;
			defaultConfigurationName = Release;
		};
/* End XCConfigurationList section */
	};
	rootObject = 4BE7F7C9215269E800312F0E /* Project object */;
}
